
Microsoft Visual Studio Solution File, Format Version 12.00
# Visual Studio 15
VisualStudioVersion = 15.0.28010.2046
MinimumVisualStudioVersion = 10.0.40219.1
Project("{FAE04EC0-301F-11D3-BF4B-00C04F79EFBC}") = "Vidly", "Vidly\Vidly.csproj", "{38B27C95-AD3C-4506-A81A-14DDEE4D494F}"
EndProject
Global
	GlobalSection(SolutionConfigurationPlatforms) = preSolution
		Debug|Any CPU = Debug|Any CPU
		Release|Any CPU = Release|Any CPU
	EndGlobalSection
	GlobalSection(ProjectConfigurationPlatforms) = postSolution
		{38B27C95-AD3C-4506-A81A-14DDEE4D494F}.Debug|Any CPU.ActiveCfg = Debug|Any CPU
		{38B27C95-AD3C-4506-A81A-14DDEE4D494F}.Debug|Any CPU.Build.0 = Debug|Any CPU
		{38B27C95-AD3C-4506-A81A-14DDEE4D494F}.Release|Any CPU.ActiveCfg = Release|Any CPU
		{38B27C95-AD3C-4506-A81A-14DDEE4D494F}.Release|Any CPU.Build.0 = Release|Any CPU
	EndGlobalSection
	GlobalSection(SolutionProperties) = preSolution
		HideSolutionNode = FALSE
	EndGlobalSection
	GlobalSection(ExtensibilityGlobals) = postSolution
		SolutionGuid = {24932A5B-B778-462F-A1DE-4EE56E485D21}
	EndGlobalSection
EndGlobal
